
Microsoft Visual Studio Solution File, Format Version 12.00
# Visual Studio Version 17
VisualStudioVersion = 17.0.31903.59
MinimumVisualStudioVersion = 10.0.40219.1
Project("{9A19103F-16F7-4668-BE54-9A1E7A4F7556}") = "Exercise1", "Exercise1\Exercise1.csproj", "{F8DE5E0F-2B8E-4740-90A7-7AF904B3FBD2}"
EndProject
Project("{9A19103F-16F7-4668-BE54-9A1E7A4F7556}") = "Exercise2", "Exercise2\Exercise2.csproj", "{990A7482-573D-4A0D-B51C-3DF2B2196A8A}"
EndProject
Project("{9A19103F-16F7-4668-BE54-9A1E7A4F7556}") = "Exercise4", "Exercise4\Exercise4.csproj", "{CCA47F71-40AE-4B2C-98E1-A4433D04FE7A}"
EndProject
Project("{9A19103F-16F7-4668-BE54-9A1E7A4F7556}") = "Exercise3", "Exercise3\Exercise3.csproj", "{F3989093-6214-4DDB-85E6-D60E8EC2CE57}"
EndProject
Project("{9A19103F-16F7-4668-BE54-9A1E7A4F7556}") = "Exercise5", "Exercise5\Exercise5.csproj", "{5E6AC360-E456-4C2A-9290-663BFCC352CD}"
EndProject
Project("{9A19103F-16F7-4668-BE54-9A1E7A4F7556}") = "FizzBuzz", "FizzBuzz\FizzBuzz.csproj", "{8C964346-CF31-4E66-88D7-BD229A22D4A0}"
EndProject
Project("{9A19103F-16F7-4668-BE54-9A1E7A4F7556}") = "Piglet", "Piglet\Piglet.csproj", "{99C4D1C2-749C-4A4A-858C-3C877221DA6F}"
EndProject
Project("{FAE04EC0-301F-11D3-BF4B-00C04F79EFBC}") = "RollTwoDice", "RollTwoDice\RollTwoDice.csproj", "{4F49DC63-BA2B-42EB-8092-429F8D9D1672}"
EndProject
Project("{FAE04EC0-301F-11D3-BF4B-00C04F79EFBC}") = "Reverse the Case", "Reverse the Case\Reverse the Case.csproj", "{0D8E55AC-2F07-4770-9894-8D1C4B758EB7}"
EndProject
Project("{FAE04EC0-301F-11D3-BF4B-00C04F79EFBC}") = "NumberSquare", "NumberSquare\NumberSquare.csproj", "{E7514713-D244-432F-9D60-3AF05B22E8E8}"
EndProject
Project("{FAE04EC0-301F-11D3-BF4B-00C04F79EFBC}") = "AsciiFigure", "AsciiFigure\AsciiFigure.csproj", "{22FC4F36-0FDD-4A5C-9F50-665247C2E567}"
EndProject
Global
	GlobalSection(SolutionConfigurationPlatforms) = preSolution
		Debug|Any CPU = Debug|Any CPU
		Release|Any CPU = Release|Any CPU
	EndGlobalSection
	GlobalSection(ProjectConfigurationPlatforms) = postSolution
		{F8DE5E0F-2B8E-4740-90A7-7AF904B3FBD2}.Debug|Any CPU.ActiveCfg = Debug|Any CPU
		{F8DE5E0F-2B8E-4740-90A7-7AF904B3FBD2}.Debug|Any CPU.Build.0 = Debug|Any CPU
		{F8DE5E0F-2B8E-4740-90A7-7AF904B3FBD2}.Release|Any CPU.ActiveCfg = Release|Any CPU
		{F8DE5E0F-2B8E-4740-90A7-7AF904B3FBD2}.Release|Any CPU.Build.0 = Release|Any CPU
		{990A7482-573D-4A0D-B51C-3DF2B2196A8A}.Debug|Any CPU.ActiveCfg = Debug|Any CPU
		{990A7482-573D-4A0D-B51C-3DF2B2196A8A}.Debug|Any CPU.Build.0 = Debug|Any CPU
		{990A7482-573D-4A0D-B51C-3DF2B2196A8A}.Release|Any CPU.ActiveCfg = Release|Any CPU
		{990A7482-573D-4A0D-B51C-3DF2B2196A8A}.Release|Any CPU.Build.0 = Release|Any CPU
		{CCA47F71-40AE-4B2C-98E1-A4433D04FE7A}.Debug|Any CPU.ActiveCfg = Debug|Any CPU
		{CCA47F71-40AE-4B2C-98E1-A4433D04FE7A}.Debug|Any CPU.Build.0 = Debug|Any CPU
		{CCA47F71-40AE-4B2C-98E1-A4433D04FE7A}.Release|Any CPU.ActiveCfg = Release|Any CPU
		{CCA47F71-40AE-4B2C-98E1-A4433D04FE7A}.Release|Any CPU.Build.0 = Release|Any CPU
		{F3989093-6214-4DDB-85E6-D60E8EC2CE57}.Debug|Any CPU.ActiveCfg = Debug|Any CPU
		{F3989093-6214-4DDB-85E6-D60E8EC2CE57}.Debug|Any CPU.Build.0 = Debug|Any CPU
		{F3989093-6214-4DDB-85E6-D60E8EC2CE57}.Release|Any CPU.ActiveCfg = Release|Any CPU
		{F3989093-6214-4DDB-85E6-D60E8EC2CE57}.Release|Any CPU.Build.0 = Release|Any CPU
		{5E6AC360-E456-4C2A-9290-663BFCC352CD}.Debug|Any CPU.ActiveCfg = Debug|Any CPU
		{5E6AC360-E456-4C2A-9290-663BFCC352CD}.Debug|Any CPU.Build.0 = Debug|Any CPU
		{5E6AC360-E456-4C2A-9290-663BFCC352CD}.Release|Any CPU.ActiveCfg = Release|Any CPU
		{5E6AC360-E456-4C2A-9290-663BFCC352CD}.Release|Any CPU.Build.0 = Release|Any CPU
		{8C964346-CF31-4E66-88D7-BD229A22D4A0}.Debug|Any CPU.ActiveCfg = Debug|Any CPU
		{8C964346-CF31-4E66-88D7-BD229A22D4A0}.Debug|Any CPU.Build.0 = Debug|Any CPU
		{8C964346-CF31-4E66-88D7-BD229A22D4A0}.Release|Any CPU.ActiveCfg = Release|Any CPU
		{8C964346-CF31-4E66-88D7-BD229A22D4A0}.Release|Any CPU.Build.0 = Release|Any CPU
		{99C4D1C2-749C-4A4A-858C-3C877221DA6F}.Debug|Any CPU.ActiveCfg = Debug|Any CPU
		{99C4D1C2-749C-4A4A-858C-3C877221DA6F}.Debug|Any CPU.Build.0 = Debug|Any CPU
		{99C4D1C2-749C-4A4A-858C-3C877221DA6F}.Release|Any CPU.ActiveCfg = Release|Any CPU
		{99C4D1C2-749C-4A4A-858C-3C877221DA6F}.Release|Any CPU.Build.0 = Release|Any CPU
		{4F49DC63-BA2B-42EB-8092-429F8D9D1672}.Debug|Any CPU.ActiveCfg = Debug|Any CPU
		{4F49DC63-BA2B-42EB-8092-429F8D9D1672}.Debug|Any CPU.Build.0 = Debug|Any CPU
		{4F49DC63-BA2B-42EB-8092-429F8D9D1672}.Release|Any CPU.ActiveCfg = Release|Any CPU
		{4F49DC63-BA2B-42EB-8092-429F8D9D1672}.Release|Any CPU.Build.0 = Release|Any CPU
		{0D8E55AC-2F07-4770-9894-8D1C4B758EB7}.Debug|Any CPU.ActiveCfg = Debug|Any CPU
		{0D8E55AC-2F07-4770-9894-8D1C4B758EB7}.Debug|Any CPU.Build.0 = Debug|Any CPU
		{0D8E55AC-2F07-4770-9894-8D1C4B758EB7}.Release|Any CPU.ActiveCfg = Release|Any CPU
		{0D8E55AC-2F07-4770-9894-8D1C4B758EB7}.Release|Any CPU.Build.0 = Release|Any CPU
		{E7514713-D244-432F-9D60-3AF05B22E8E8}.Debug|Any CPU.ActiveCfg = Debug|Any CPU
		{E7514713-D244-432F-9D60-3AF05B22E8E8}.Debug|Any CPU.Build.0 = Debug|Any CPU
		{E7514713-D244-432F-9D60-3AF05B22E8E8}.Release|Any CPU.ActiveCfg = Release|Any CPU
		{E7514713-D244-432F-9D60-3AF05B22E8E8}.Release|Any CPU.Build.0 = Release|Any CPU
		{22FC4F36-0FDD-4A5C-9F50-665247C2E567}.Debug|Any CPU.ActiveCfg = Debug|Any CPU
		{22FC4F36-0FDD-4A5C-9F50-665247C2E567}.Debug|Any CPU.Build.0 = Debug|Any CPU
		{22FC4F36-0FDD-4A5C-9F50-665247C2E567}.Release|Any CPU.ActiveCfg = Release|Any CPU
		{22FC4F36-0FDD-4A5C-9F50-665247C2E567}.Release|Any CPU.Build.0 = Release|Any CPU
	EndGlobalSection
	GlobalSection(SolutionProperties) = preSolution
		HideSolutionNode = FALSE
	EndGlobalSection
	GlobalSection(ExtensibilityGlobals) = postSolution
		SolutionGuid = {9E2B805A-E209-4714-AE87-3C7317951F1D}
	EndGlobalSection
EndGlobal
